
Microsoft Visual Studio Solution File, Format Version 12.00
# Visual Studio Version 17
VisualStudioVersion = 17.8.34330.188
MinimumVisualStudioVersion = 10.0.40219.1
Project("{FAE04EC0-301F-11D3-BF4B-00C04F79EFBC}") = "AppCandidates", "AppCandidates\AppCandidates.csproj", "{2DFF9F9A-4FF5-4F37-ABA3-65AA6B16A35A}"
EndProject
Project("{FAE04EC0-301F-11D3-BF4B-00C04F79EFBC}") = "CandidateJobUnitTest", "CandidateJobUnitTest\CandidateJobUnitTest.csproj", "{3DEE5E4D-1CFF-481F-8E73-A36166F709D5}"
EndProject
Global
	GlobalSection(SolutionConfigurationPlatforms) = preSolution
		Debug|Any CPU = Debug|Any CPU
		Release|Any CPU = Release|Any CPU
	EndGlobalSection
	GlobalSection(ProjectConfigurationPlatforms) = postSolution
		{2DFF9F9A-4FF5-4F37-ABA3-65AA6B16A35A}.Debug|Any CPU.ActiveCfg = Debug|Any CPU
		{2DFF9F9A-4FF5-4F37-ABA3-65AA6B16A35A}.Debug|Any CPU.Build.0 = Debug|Any CPU
		{2DFF9F9A-4FF5-4F37-ABA3-65AA6B16A35A}.Release|Any CPU.ActiveCfg = Release|Any CPU
		{2DFF9F9A-4FF5-4F37-ABA3-65AA6B16A35A}.Release|Any CPU.Build.0 = Release|Any CPU
		{3DEE5E4D-1CFF-481F-8E73-A36166F709D5}.Debug|Any CPU.ActiveCfg = Debug|Any CPU
		{3DEE5E4D-1CFF-481F-8E73-A36166F709D5}.Debug|Any CPU.Build.0 = Debug|Any CPU
		{3DEE5E4D-1CFF-481F-8E73-A36166F709D5}.Release|Any CPU.ActiveCfg = Release|Any CPU
		{3DEE5E4D-1CFF-481F-8E73-A36166F709D5}.Release|Any CPU.Build.0 = Release|Any CPU
	EndGlobalSection
	GlobalSection(SolutionProperties) = preSolution
		HideSolutionNode = FALSE
	EndGlobalSection
	GlobalSection(ExtensibilityGlobals) = postSolution
		SolutionGuid = {2C646C51-2D05-4784-BD91-42CDE5BB5B74}
	EndGlobalSection
EndGlobal
